// !$*UTF8*$!
{
	archiveVersion = 1;
	classes = {
	};
	objectVersion = 56;
	objects = {

/* Begin PBXBuildFile section */
		E70379C52B60E1DF00E3EF6A /* ThemeView.swift in Sources */ = {isa = PBXBuildFile; fileRef = E70379C42B60E1DF00E3EF6A /* ThemeView.swift */; };
		E70379C72B60E38F00E3EF6A /* ThemePicker.swift in Sources */ = {isa = PBXBuildFile; fileRef = E70379C62B60E38F00E3EF6A /* ThemePicker.swift */; };
		E70379C92B6104E700E3EF6A /* MeetingHeaderView.swift in Sources */ = {isa = PBXBuildFile; fileRef = E70379C82B6104E700E3EF6A /* MeetingHeaderView.swift */; };
		E70379CB2B610D3E00E3EF6A /* ScrumProgressViewStyle.swift in Sources */ = {isa = PBXBuildFile; fileRef = E70379CA2B610D3E00E3EF6A /* ScrumProgressViewStyle.swift */; };
		E70379CD2B610E5700E3EF6A /* ScrumTimer.swift in Sources */ = {isa = PBXBuildFile; fileRef = E70379CC2B610E5700E3EF6A /* ScrumTimer.swift */; };
		E70379CF2B62658F00E3EF6A /* MeetingFooterView.swift in Sources */ = {isa = PBXBuildFile; fileRef = E70379CE2B62658F00E3EF6A /* MeetingFooterView.swift */; };
		E70379D12B629AB500E3EF6A /* AVPlayer+Ding.swift in Sources */ = {isa = PBXBuildFile; fileRef = E70379D02B629AB500E3EF6A /* AVPlayer+Ding.swift */; };
		E70379D42B629AF600E3EF6A /* ding.wav in Resources */ = {isa = PBXBuildFile; fileRef = E70379D32B629AF600E3EF6A /* ding.wav */; };
		E70379D62B64DBEE00E3EF6A /* ScrumSheet.swift in Sources */ = {isa = PBXBuildFile; fileRef = E70379D52B64DBEE00E3EF6A /* ScrumSheet.swift */; };
		E70379D82B64E35000E3EF6A /* History.swift in Sources */ = {isa = PBXBuildFile; fileRef = E70379D72B64E35000E3EF6A /* History.swift */; };
		E70379DA2B65506100E3EF6A /* ScrumStore.swift in Sources */ = {isa = PBXBuildFile; fileRef = E70379D92B65506100E3EF6A /* ScrumStore.swift */; };
		E781DF0F2B68B45D00FC1947 /* ErrorWrapper.swift in Sources */ = {isa = PBXBuildFile; fileRef = E781DF0E2B68B45D00FC1947 /* ErrorWrapper.swift */; };
		E781DF112B68B4D800FC1947 /* ErrorView.swift in Sources */ = {isa = PBXBuildFile; fileRef = E781DF102B68B4D800FC1947 /* ErrorView.swift */; };
		E7A9AB3B2B60D22B00D4ECCB /* DetailEditView.swift in Sources */ = {isa = PBXBuildFile; fileRef = E7A9AB3A2B60D22B00D4ECCB /* DetailEditView.swift */; };
		E7AA18C52B5E5057000E0BF9 /* Assets.xcassets in Resources */ = {isa = PBXBuildFile; fileRef = E7AA18BA2B5E5057000E0BF9 /* Assets.xcassets */; };
		E7AA18C62B5E5057000E0BF9 /* DailyScrum.swift in Sources */ = {isa = PBXBuildFile; fileRef = E7AA18BC2B5E5057000E0BF9 /* DailyScrum.swift */; };
		E7AA18C72B5E5057000E0BF9 /* Theme.swift in Sources */ = {isa = PBXBuildFile; fileRef = E7AA18BD2B5E5057000E0BF9 /* Theme.swift */; };
		E7AA18C82B5E5057000E0BF9 /* Preview Assets.xcassets in Resources */ = {isa = PBXBuildFile; fileRef = E7AA18BF2B5E5057000E0BF9 /* Preview Assets.xcassets */; };
		E7AA18C92B5E5057000E0BF9 /* ScrumdingerApp.swift in Sources */ = {isa = PBXBuildFile; fileRef = E7AA18C02B5E5057000E0BF9 /* ScrumdingerApp.swift */; };
		E7AA18CA2B5E5057000E0BF9 /* TrailingIconLabelStyle.swift in Sources */ = {isa = PBXBuildFile; fileRef = E7AA18C22B5E5057000E0BF9 /* TrailingIconLabelStyle.swift */; };
		E7AA18CB2B5E5057000E0BF9 /* CardView.swift in Sources */ = {isa = PBXBuildFile; fileRef = E7AA18C32B5E5057000E0BF9 /* CardView.swift */; };
		E7AA18CC2B5E5057000E0BF9 /* MeetingView.swift in Sources */ = {isa = PBXBuildFile; fileRef = E7AA18C42B5E5057000E0BF9 /* MeetingView.swift */; };
		E7AA18CE2B5E50DD000E0BF9 /* ScrumsView.swift in Sources */ = {isa = PBXBuildFile; fileRef = E7AA18CD2B5E50DD000E0BF9 /* ScrumsView.swift */; };
		E7AA18D02B5E6E4A000E0BF9 /* DetailView.swift in Sources */ = {isa = PBXBuildFile; fileRef = E7AA18CF2B5E6E4A000E0BF9 /* DetailView.swift */; };
		E7B04FE72B5C307C002E2804 /* ScrumdingerTests.swift in Sources */ = {isa = PBXBuildFile; fileRef = E7B04FE62B5C307C002E2804 /* ScrumdingerTests.swift */; };
		E7B04FF12B5C307C002E2804 /* ScrumdingerUITests.swift in Sources */ = {isa = PBXBuildFile; fileRef = E7B04FF02B5C307C002E2804 /* ScrumdingerUITests.swift */; };
		E7B04FF32B5C307C002E2804 /* ScrumdingerUITestsLaunchTests.swift in Sources */ = {isa = PBXBuildFile; fileRef = E7B04FF22B5C307C002E2804 /* ScrumdingerUITestsLaunchTests.swift */; };
/* End PBXBuildFile section */

/* Begin PBXContainerItemProxy section */
		E7B04FE32B5C307C002E2804 /* PBXContainerItemProxy */ = {
			isa = PBXContainerItemProxy;
			containerPortal = E7B04FCA2B5C307A002E2804 /* Project object */;
			proxyType = 1;
			remoteGlobalIDString = E7B04FD12B5C307A002E2804;
			remoteInfo = Scrumdinger;
		};
		E7B04FED2B5C307C002E2804 /* PBXContainerItemProxy */ = {
			isa = PBXContainerItemProxy;
			containerPortal = E7B04FCA2B5C307A002E2804 /* Project object */;
			proxyType = 1;
			remoteGlobalIDString = E7B04FD12B5C307A002E2804;
			remoteInfo = Scrumdinger;
		};
/* End PBXContainerItemProxy section */

/* Begin PBXFileReference section */
		E70379C42B60E1DF00E3EF6A /* ThemeView.swift */ = {isa = PBXFileReference; lastKnownFileType = sourcecode.swift; path = ThemeView.swift; sourceTree = "<group>"; };
		E70379C62B60E38F00E3EF6A /* ThemePicker.swift */ = {isa = PBXFileReference; lastKnownFileType = sourcecode.swift; path = ThemePicker.swift; sourceTree = "<group>"; };
		E70379C82B6104E700E3EF6A /* MeetingHeaderView.swift */ = {isa = PBXFileReference; lastKnownFileType = sourcecode.swift; path = MeetingHeaderView.swift; sourceTree = "<group>"; };
		E70379CA2B610D3E00E3EF6A /* ScrumProgressViewStyle.swift */ = {isa = PBXFileReference; fileEncoding = 4; lastKnownFileType = sourcecode.swift; path = ScrumProgressViewStyle.swift; sourceTree = "<group>"; };
		E70379CC2B610E5700E3EF6A /* ScrumTimer.swift */ = {isa = PBXFileReference; lastKnownFileType = sourcecode.swift; path = ScrumTimer.swift; sourceTree = "<group>"; };
		E70379CE2B62658F00E3EF6A /* MeetingFooterView.swift */ = {isa = PBXFileReference; lastKnownFileType = sourcecode.swift; path = MeetingFooterView.swift; sourceTree = "<group>"; };
		E70379D02B629AB500E3EF6A /* AVPlayer+Ding.swift */ = {isa = PBXFileReference; fileEncoding = 4; lastKnownFileType = sourcecode.swift; path = "AVPlayer+Ding.swift"; sourceTree = "<group>"; };
		E70379D32B629AF600E3EF6A /* ding.wav */ = {isa = PBXFileReference; lastKnownFileType = audio.wav; path = ding.wav; sourceTree = "<group>"; };
		E70379D52B64DBEE00E3EF6A /* ScrumSheet.swift */ = {isa = PBXFileReference; lastKnownFileType = sourcecode.swift; path = ScrumSheet.swift; sourceTree = "<group>"; };
		E70379D72B64E35000E3EF6A /* History.swift */ = {isa = PBXFileReference; lastKnownFileType = sourcecode.swift; path = History.swift; sourceTree = "<group>"; };
		E70379D92B65506100E3EF6A /* ScrumStore.swift */ = {isa = PBXFileReference; lastKnownFileType = sourcecode.swift; path = ScrumStore.swift; sourceTree = "<group>"; };
		E781DF0E2B68B45D00FC1947 /* ErrorWrapper.swift */ = {isa = PBXFileReference; lastKnownFileType = sourcecode.swift; path = ErrorWrapper.swift; sourceTree = "<group>"; };
		E781DF102B68B4D800FC1947 /* ErrorView.swift */ = {isa = PBXFileReference; lastKnownFileType = sourcecode.swift; path = ErrorView.swift; sourceTree = "<group>"; };
		E7A9AB3A2B60D22B00D4ECCB /* DetailEditView.swift */ = {isa = PBXFileReference; lastKnownFileType = sourcecode.swift; path = DetailEditView.swift; sourceTree = "<group>"; };
		E7AA18BA2B5E5057000E0BF9 /* Assets.xcassets */ = {isa = PBXFileReference; lastKnownFileType = folder.assetcatalog; path = Assets.xcassets; sourceTree = "<group>"; };
		E7AA18BC2B5E5057000E0BF9 /* DailyScrum.swift */ = {isa = PBXFileReference; fileEncoding = 4; lastKnownFileType = sourcecode.swift; path = DailyScrum.swift; sourceTree = "<group>"; };
		E7AA18BD2B5E5057000E0BF9 /* Theme.swift */ = {isa = PBXFileReference; fileEncoding = 4; lastKnownFileType = sourcecode.swift; path = Theme.swift; sourceTree = "<group>"; };
		E7AA18BF2B5E5057000E0BF9 /* Preview Assets.xcassets */ = {isa = PBXFileReference; lastKnownFileType = folder.assetcatalog; path = "Preview Assets.xcassets"; sourceTree = "<group>"; };
		E7AA18C02B5E5057000E0BF9 /* ScrumdingerApp.swift */ = {isa = PBXFileReference; fileEncoding = 4; lastKnownFileType = sourcecode.swift; path = ScrumdingerApp.swift; sourceTree = "<group>"; };
		E7AA18C22B5E5057000E0BF9 /* TrailingIconLabelStyle.swift */ = {isa = PBXFileReference; fileEncoding = 4; lastKnownFileType = sourcecode.swift; path = TrailingIconLabelStyle.swift; sourceTree = "<group>"; };
		E7AA18C32B5E5057000E0BF9 /* CardView.swift */ = {isa = PBXFileReference; fileEncoding = 4; lastKnownFileType = sourcecode.swift; path = CardView.swift; sourceTree = "<group>"; };
		E7AA18C42B5E5057000E0BF9 /* MeetingView.swift */ = {isa = PBXFileReference; fileEncoding = 4; lastKnownFileType = sourcecode.swift; path = MeetingView.swift; sourceTree = "<group>"; };
		E7AA18CD2B5E50DD000E0BF9 /* ScrumsView.swift */ = {isa = PBXFileReference; lastKnownFileType = sourcecode.swift; path = ScrumsView.swift; sourceTree = "<group>"; };
		E7AA18CF2B5E6E4A000E0BF9 /* DetailView.swift */ = {isa = PBXFileReference; lastKnownFileType = sourcecode.swift; path = DetailView.swift; sourceTree = "<group>"; };
		E7B04FD22B5C307A002E2804 /* Scrumdinger.app */ = {isa = PBXFileReference; explicitFileType = wrapper.application; includeInIndex = 0; path = Scrumdinger.app; sourceTree = BUILT_PRODUCTS_DIR; };
		E7B04FE22B5C307C002E2804 /* ScrumdingerTests.xctest */ = {isa = PBXFileReference; explicitFileType = wrapper.cfbundle; includeInIndex = 0; path = ScrumdingerTests.xctest; sourceTree = BUILT_PRODUCTS_DIR; };
		E7B04FE62B5C307C002E2804 /* ScrumdingerTests.swift */ = {isa = PBXFileReference; lastKnownFileType = sourcecode.swift; path = ScrumdingerTests.swift; sourceTree = "<group>"; };
		E7B04FEC2B5C307C002E2804 /* ScrumdingerUITests.xctest */ = {isa = PBXFileReference; explicitFileType = wrapper.cfbundle; includeInIndex = 0; path = ScrumdingerUITests.xctest; sourceTree = BUILT_PRODUCTS_DIR; };
		E7B04FF02B5C307C002E2804 /* ScrumdingerUITests.swift */ = {isa = PBXFileReference; lastKnownFileType = sourcecode.swift; path = ScrumdingerUITests.swift; sourceTree = "<group>"; };
		E7B04FF22B5C307C002E2804 /* ScrumdingerUITestsLaunchTests.swift */ = {isa = PBXFileReference; lastKnownFileType = sourcecode.swift; path = ScrumdingerUITestsLaunchTests.swift; sourceTree = "<group>"; };
/* End PBXFileReference section */

/* Begin PBXFrameworksBuildPhase section */
		E7B04FCF2B5C307A002E2804 /* Frameworks */ = {
			isa = PBXFrameworksBuildPhase;
			buildActionMask = 2147483647;
			files = (
			);
			runOnlyForDeploymentPostprocessing = 0;
		};
		E7B04FDF2B5C307C002E2804 /* Frameworks */ = {
			isa = PBXFrameworksBuildPhase;
			buildActionMask = 2147483647;
			files = (
			);
			runOnlyForDeploymentPostprocessing = 0;
		};
		E7B04FE92B5C307C002E2804 /* Frameworks */ = {
			isa = PBXFrameworksBuildPhase;
			buildActionMask = 2147483647;
			files = (
			);
			runOnlyForDeploymentPostprocessing = 0;
		};
/* End PBXFrameworksBuildPhase section */

/* Begin PBXGroup section */
		E70379D22B629AE300E3EF6A /* Resources */ = {
			isa = PBXGroup;
			children = (
				E70379D32B629AF600E3EF6A /* ding.wav */,
			);
			path = Resources;
			sourceTree = "<group>";
		};
		E7AA18B92B5E5057000E0BF9 /* Scrumdinger */ = {
			isa = PBXGroup;
			children = (
				E70379D22B629AE300E3EF6A /* Resources */,
				E7AA18BA2B5E5057000E0BF9 /* Assets.xcassets */,
				E7AA18BB2B5E5057000E0BF9 /* Models */,
				E7AA18BE2B5E5057000E0BF9 /* Preview Content */,
				E7AA18C02B5E5057000E0BF9 /* ScrumdingerApp.swift */,
				E7AA18C12B5E5057000E0BF9 /* Views */,
			);
			path = Scrumdinger;
			sourceTree = "<group>";
		};
		E7AA18BB2B5E5057000E0BF9 /* Models */ = {
			isa = PBXGroup;
			children = (
				E70379D02B629AB500E3EF6A /* AVPlayer+Ding.swift */,
				E7AA18BC2B5E5057000E0BF9 /* DailyScrum.swift */,
				E70379CC2B610E5700E3EF6A /* ScrumTimer.swift */,
				E7AA18BD2B5E5057000E0BF9 /* Theme.swift */,
				E70379D72B64E35000E3EF6A /* History.swift */,
				E70379D92B65506100E3EF6A /* ScrumStore.swift */,
				E781DF0E2B68B45D00FC1947 /* ErrorWrapper.swift */,
			);
			path = Models;
			sourceTree = "<group>";
		};
		E7AA18BE2B5E5057000E0BF9 /* Preview Content */ = {
			isa = PBXGroup;
			children = (
				E7AA18BF2B5E5057000E0BF9 /* Preview Assets.xcassets */,
			);
			path = "Preview Content";
			sourceTree = "<group>";
		};
		E7AA18C12B5E5057000E0BF9 /* Views */ = {
			isa = PBXGroup;
			children = (
				E7AA18C32B5E5057000E0BF9 /* CardView.swift */,
				E7A9AB3A2B60D22B00D4ECCB /* DetailEditView.swift */,
				E7AA18CF2B5E6E4A000E0BF9 /* DetailView.swift */,
				E70379C82B6104E700E3EF6A /* MeetingHeaderView.swift */,
				E7AA18C42B5E5057000E0BF9 /* MeetingView.swift */,
				E70379CA2B610D3E00E3EF6A /* ScrumProgressViewStyle.swift */,
				E7AA18CD2B5E50DD000E0BF9 /* ScrumsView.swift */,
				E70379C62B60E38F00E3EF6A /* ThemePicker.swift */,
				E70379C42B60E1DF00E3EF6A /* ThemeView.swift */,
				E7AA18C22B5E5057000E0BF9 /* TrailingIconLabelStyle.swift */,
				E70379CE2B62658F00E3EF6A /* MeetingFooterView.swift */,
				E70379D52B64DBEE00E3EF6A /* ScrumSheet.swift */,
				E781DF102B68B4D800FC1947 /* ErrorView.swift */,
			);
			path = Views;
			sourceTree = "<group>";
		};
		E7B04FC92B5C307A002E2804 = {
			isa = PBXGroup;
			children = (
				E7B04FD32B5C307A002E2804 /* Products */,
				E7AA18B92B5E5057000E0BF9 /* Scrumdinger */,
				E7B04FE52B5C307C002E2804 /* ScrumdingerTests */,
				E7B04FEF2B5C307C002E2804 /* ScrumdingerUITests */,
			);
			sourceTree = "<group>";
		};
		E7B04FD32B5C307A002E2804 /* Products */ = {
			isa = PBXGroup;
			children = (
				E7B04FD22B5C307A002E2804 /* Scrumdinger.app */,
				E7B04FE22B5C307C002E2804 /* ScrumdingerTests.xctest */,
				E7B04FEC2B5C307C002E2804 /* ScrumdingerUITests.xctest */,
			);
			name = Products;
			sourceTree = "<group>";
		};
		E7B04FE52B5C307C002E2804 /* ScrumdingerTests */ = {
			isa = PBXGroup;
			children = (
				E7B04FE62B5C307C002E2804 /* ScrumdingerTests.swift */,
			);
			path = ScrumdingerTests;
			sourceTree = "<group>";
		};
		E7B04FEF2B5C307C002E2804 /* ScrumdingerUITests */ = {
			isa = PBXGroup;
			children = (
				E7B04FF02B5C307C002E2804 /* ScrumdingerUITests.swift */,
				E7B04FF22B5C307C002E2804 /* ScrumdingerUITestsLaunchTests.swift */,
			);
			path = ScrumdingerUITests;
			sourceTree = "<group>";
		};
/* End PBXGroup section */

/* Begin PBXNativeTarget section */
		E7B04FD12B5C307A002E2804 /* Scrumdinger */ = {
			isa = PBXNativeTarget;
			buildConfigurationList = E7B04FF62B5C307C002E2804 /* Build configuration list for PBXNativeTarget "Scrumdinger" */;
			buildPhases = (
				E7B04FCE2B5C307A002E2804 /* Sources */,
				E7B04FCF2B5C307A002E2804 /* Frameworks */,
				E7B04FD02B5C307A002E2804 /* Resources */,
			);
			buildRules = (
			);
			dependencies = (
			);
			name = Scrumdinger;
			productName = Scrumdinger;
			productReference = E7B04FD22B5C307A002E2804 /* Scrumdinger.app */;
			productType = "com.apple.product-type.application";
		};
		E7B04FE12B5C307C002E2804 /* ScrumdingerTests */ = {
			isa = PBXNativeTarget;
			buildConfigurationList = E7B04FF92B5C307C002E2804 /* Build configuration list for PBXNativeTarget "ScrumdingerTests" */;
			buildPhases = (
				E7B04FDE2B5C307C002E2804 /* Sources */,
				E7B04FDF2B5C307C002E2804 /* Frameworks */,
				E7B04FE02B5C307C002E2804 /* Resources */,
			);
			buildRules = (
			);
			dependencies = (
				E7B04FE42B5C307C002E2804 /* PBXTargetDependency */,
			);
			name = ScrumdingerTests;
			productName = ScrumdingerTests;
			productReference = E7B04FE22B5C307C002E2804 /* ScrumdingerTests.xctest */;
			productType = "com.apple.product-type.bundle.unit-test";
		};
		E7B04FEB2B5C307C002E2804 /* ScrumdingerUITests */ = {
			isa = PBXNativeTarget;
			buildConfigurationList = E7B04FFC2B5C307C002E2804 /* Build configuration list for PBXNativeTarget "ScrumdingerUITests" */;
			buildPhases = (
				E7B04FE82B5C307C002E2804 /* Sources */,
				E7B04FE92B5C307C002E2804 /* Frameworks */,
				E7B04FEA2B5C307C002E2804 /* Resources */,
			);
			buildRules = (
			);
			dependencies = (
				E7B04FEE2B5C307C002E2804 /* PBXTargetDependency */,
			);
			name = ScrumdingerUITests;
			productName = ScrumdingerUITests;
			productReference = E7B04FEC2B5C307C002E2804 /* ScrumdingerUITests.xctest */;
			productType = "com.apple.product-type.bundle.ui-testing";
		};
/* End PBXNativeTarget section */

/* Begin PBXProject section */
		E7B04FCA2B5C307A002E2804 /* Project object */ = {
			isa = PBXProject;
			attributes = {
				BuildIndependentTargetsInParallel = 1;
				LastSwiftUpdateCheck = 1510;
				LastUpgradeCheck = 1510;
				TargetAttributes = {
					E7B04FD12B5C307A002E2804 = {
						CreatedOnToolsVersion = 15.1;
					};
					E7B04FE12B5C307C002E2804 = {
						CreatedOnToolsVersion = 15.1;
						TestTargetID = E7B04FD12B5C307A002E2804;
					};
					E7B04FEB2B5C307C002E2804 = {
						CreatedOnToolsVersion = 15.1;
						TestTargetID = E7B04FD12B5C307A002E2804;
					};
				};
			};
			buildConfigurationList = E7B04FCD2B5C307A002E2804 /* Build configuration list for PBXProject "Scrumdinger" */;
			compatibilityVersion = "Xcode 14.0";
			developmentRegion = en;
			hasScannedForEncodings = 0;
			knownRegions = (
				en,
				Base,
			);
			mainGroup = E7B04FC92B5C307A002E2804;
			productRefGroup = E7B04FD32B5C307A002E2804 /* Products */;
			projectDirPath = "";
			projectRoot = "";
			targets = (
				E7B04FD12B5C307A002E2804 /* Scrumdinger */,
				E7B04FE12B5C307C002E2804 /* ScrumdingerTests */,
				E7B04FEB2B5C307C002E2804 /* ScrumdingerUITests */,
			);
		};
/* End PBXProject section */

/* Begin PBXResourcesBuildPhase section */
		E7B04FD02B5C307A002E2804 /* Resources */ = {
			isa = PBXResourcesBuildPhase;
			buildActionMask = 2147483647;
			files = (
				E70379D42B629AF600E3EF6A /* ding.wav in Resources */,
				E7AA18C82B5E5057000E0BF9 /* Preview Assets.xcassets in Resources */,
				E7AA18C52B5E5057000E0BF9 /* Assets.xcassets in Resources */,
			);
			runOnlyForDeploymentPostprocessing = 0;
		};
		E7B04FE02B5C307C002E2804 /* Resources */ = {
			isa = PBXResourcesBuildPhase;
			buildActionMask = 2147483647;
			files = (
			);
			runOnlyForDeploymentPostprocessing = 0;
		};
		E7B04FEA2B5C307C002E2804 /* Resources */ = {
			isa = PBXResourcesBuildPhase;
			buildActionMask = 2147483647;
			files = (
			);
			runOnlyForDeploymentPostprocessing = 0;
		};
/* End PBXResourcesBuildPhase section */

/* Begin PBXSourcesBuildPhase section */
		E7B04FCE2B5C307A002E2804 /* Sources */ = {
			isa = PBXSourcesBuildPhase;
			buildActionMask = 2147483647;
			files = (
				E70379C72B60E38F00E3EF6A /* ThemePicker.swift in Sources */,
				E70379CB2B610D3E00E3EF6A /* ScrumProgressViewStyle.swift in Sources */,
				E70379CF2B62658F00E3EF6A /* MeetingFooterView.swift in Sources */,
				E70379CD2B610E5700E3EF6A /* ScrumTimer.swift in Sources */,
				E781DF112B68B4D800FC1947 /* ErrorView.swift in Sources */,
				E7AA18C62B5E5057000E0BF9 /* DailyScrum.swift in Sources */,
				E70379C92B6104E700E3EF6A /* MeetingHeaderView.swift in Sources */,
				E70379DA2B65506100E3EF6A /* ScrumStore.swift in Sources */,
				E7AA18D02B5E6E4A000E0BF9 /* DetailView.swift in Sources */,
				E781DF0F2B68B45D00FC1947 /* ErrorWrapper.swift in Sources */,
				E70379D82B64E35000E3EF6A /* History.swift in Sources */,
				E7A9AB3B2B60D22B00D4ECCB /* DetailEditView.swift in Sources */,
				E7AA18C72B5E5057000E0BF9 /* Theme.swift in Sources */,
				E7AA18CC2B5E5057000E0BF9 /* MeetingView.swift in Sources */,
				E7AA18CE2B5E50DD000E0BF9 /* ScrumsView.swift in Sources */,
				E7AA18C92B5E5057000E0BF9 /* ScrumdingerApp.swift in Sources */,
				E7AA18CA2B5E5057000E0BF9 /* TrailingIconLabelStyle.swift in Sources */,
				E70379D62B64DBEE00E3EF6A /* ScrumSheet.swift in Sources */,
				E70379C52B60E1DF00E3EF6A /* ThemeView.swift in Sources */,
				E7AA18CB2B5E5057000E0BF9 /* CardView.swift in Sources */,
				E70379D12B629AB500E3EF6A /* AVPlayer+Ding.swift in Sources */,
			);
			runOnlyForDeploymentPostprocessing = 0;
		};
		E7B04FDE2B5C307C002E2804 /* Sources */ = {
			isa = PBXSourcesBuildPhase;
			buildActionMask = 2147483647;
			files = (
				E7B04FE72B5C307C002E2804 /* ScrumdingerTests.swift in Sources */,
			);
			runOnlyForDeploymentPostprocessing = 0;
		};
		E7B04FE82B5C307C002E2804 /* Sources */ = {
			isa = PBXSourcesBuildPhase;
			buildActionMask = 2147483647;
			files = (
				E7B04FF32B5C307C002E2804 /* ScrumdingerUITestsLaunchTests.swift in Sources */,
				E7B04FF12B5C307C002E2804 /* ScrumdingerUITests.swift in Sources */,
			);
			runOnlyForDeploymentPostprocessing = 0;
		};
/* End PBXSourcesBuildPhase section */

/* Begin PBXTargetDependency section */
		E7B04FE42B5C307C002E2804 /* PBXTargetDependency */ = {
			isa = PBXTargetDependency;
			target = E7B04FD12B5C307A002E2804 /* Scrumdinger */;
			targetProxy = E7B04FE32B5C307C002E2804 /* PBXContainerItemProxy */;
		};
		E7B04FEE2B5C307C002E2804 /* PBXTargetDependency */ = {
			isa = PBXTargetDependency;
			target = E7B04FD12B5C307A002E2804 /* Scrumdinger */;
			targetProxy = E7B04FED2B5C307C002E2804 /* PBXContainerItemProxy */;
		};
/* End PBXTargetDependency section */

/* Begin XCBuildConfiguration section */
		E7B04FF42B5C307C002E2804 /* Debug */ = {
			isa = XCBuildConfiguration;
			buildSettings = {
				ALWAYS_SEARCH_USER_PATHS = NO;
				ASSETCATALOG_COMPILER_GENERATE_SWIFT_ASSET_SYMBOL_EXTENSIONS = YES;
				CLANG_ANALYZER_NONNULL = YES;
				CLANG_ANALYZER_NUMBER_OBJECT_CONVERSION = YES_AGGRESSIVE;
				CLANG_CXX_LANGUAGE_STANDARD = "gnu++20";
				CLANG_ENABLE_MODULES = YES;
				CLANG_ENABLE_OBJC_ARC = YES;
				CLANG_ENABLE_OBJC_WEAK = YES;
				CLANG_WARN_BLOCK_CAPTURE_AUTORELEASING = YES;
				CLANG_WARN_BOOL_CONVERSION = YES;
				CLANG_WARN_COMMA = YES;
				CLANG_WARN_CONSTANT_CONVERSION = YES;
				CLANG_WARN_DEPRECATED_OBJC_IMPLEMENTATIONS = YES;
				CLANG_WARN_DIRECT_OBJC_ISA_USAGE = YES_ERROR;
				CLANG_WARN_DOCUMENTATION_COMMENTS = YES;
				CLANG_WARN_EMPTY_BODY = YES;
				CLANG_WARN_ENUM_CONVERSION = YES;
				CLANG_WARN_INFINITE_RECURSION = YES;
				CLANG_WARN_INT_CONVERSION = YES;
				CLANG_WARN_NON_LITERAL_NULL_CONVERSION = YES;
				CLANG_WARN_OBJC_IMPLICIT_RETAIN_SELF = YES;
				CLANG_WARN_OBJC_LITERAL_CONVERSION = YES;
				CLANG_WARN_OBJC_ROOT_CLASS = YES_ERROR;
				CLANG_WARN_QUOTED_INCLUDE_IN_FRAMEWORK_HEADER = YES;
				CLANG_WARN_RANGE_LOOP_ANALYSIS = YES;
				CLANG_WARN_STRICT_PROTOTYPES = YES;
				CLANG_WARN_SUSPICIOUS_MOVE = YES;
				CLANG_WARN_UNGUARDED_AVAILABILITY = YES_AGGRESSIVE;
				CLANG_WARN_UNREACHABLE_CODE = YES;
				CLANG_WARN__DUPLICATE_METHOD_MATCH = YES;
				COPY_PHASE_STRIP = NO;
				DEBUG_INFORMATION_FORMAT = dwarf;
				ENABLE_STRICT_OBJC_MSGSEND = YES;
				ENABLE_TESTABILITY = YES;
				ENABLE_USER_SCRIPT_SANDBOXING = YES;
				GCC_C_LANGUAGE_STANDARD = gnu17;
				GCC_DYNAMIC_NO_PIC = NO;
				GCC_NO_COMMON_BLOCKS = YES;
				GCC_OPTIMIZATION_LEVEL = 0;
				GCC_PREPROCESSOR_DEFINITIONS = (
					"DEBUG=1",
					"$(inherited)",
				);
				GCC_WARN_64_TO_32_BIT_CONVERSION = YES;
				GCC_WARN_ABOUT_RETURN_TYPE = YES_ERROR;
				GCC_WARN_UNDECLARED_SELECTOR = YES;
				GCC_WARN_UNINITIALIZED_AUTOS = YES_AGGRESSIVE;
				GCC_WARN_UNUSED_FUNCTION = YES;
				GCC_WARN_UNUSED_VARIABLE = YES;
				IPHONEOS_DEPLOYMENT_TARGET = 17.2;
				LOCALIZATION_PREFERS_STRING_CATALOGS = YES;
				MTL_ENABLE_DEBUG_INFO = INCLUDE_SOURCE;
				MTL_FAST_MATH = YES;
				ONLY_ACTIVE_ARCH = YES;
				SDKROOT = iphoneos;
				SWIFT_ACTIVE_COMPILATION_CONDITIONS = "DEBUG $(inherited)";
				SWIFT_OPTIMIZATION_LEVEL = "-Onone";
			};
			name = Debug;
		};
		E7B04FF52B5C307C002E2804 /* Release */ = {
			isa = XCBuildConfiguration;
			buildSettings = {
				ALWAYS_SEARCH_USER_PATHS = NO;
				ASSETCATALOG_COMPILER_GENERATE_SWIFT_ASSET_SYMBOL_EXTENSIONS = YES;
				CLANG_ANALYZER_NONNULL = YES;
				CLANG_ANALYZER_NUMBER_OBJECT_CONVERSION = YES_AGGRESSIVE;
				CLANG_CXX_LANGUAGE_STANDARD = "gnu++20";
				CLANG_ENABLE_MODULES = YES;
				CLANG_ENABLE_OBJC_ARC = YES;
				CLANG_ENABLE_OBJC_WEAK = YES;
				CLANG_WARN_BLOCK_CAPTURE_AUTORELEASING = YES;
				CLANG_WARN_BOOL_CONVERSION = YES;
				CLANG_WARN_COMMA = YES;
				CLANG_WARN_CONSTANT_CONVERSION = YES;
				CLANG_WARN_DEPRECATED_OBJC_IMPLEMENTATIONS = YES;
				CLANG_WARN_DIRECT_OBJC_ISA_USAGE = YES_ERROR;
				CLANG_WARN_DOCUMENTATION_COMMENTS = YES;
				CLANG_WARN_EMPTY_BODY = YES;
				CLANG_WARN_ENUM_CONVERSION = YES;
				CLANG_WARN_INFINITE_RECURSION = YES;
				CLANG_WARN_INT_CONVERSION = YES;
				CLANG_WARN_NON_LITERAL_NULL_CONVERSION = YES;
				CLANG_WARN_OBJC_IMPLICIT_RETAIN_SELF = YES;
				CLANG_WARN_OBJC_LITERAL_CONVERSION = YES;
				CLANG_WARN_OBJC_ROOT_CLASS = YES_ERROR;
				CLANG_WARN_QUOTED_INCLUDE_IN_FRAMEWORK_HEADER = YES;
				CLANG_WARN_RANGE_LOOP_ANALYSIS = YES;
				CLANG_WARN_STRICT_PROTOTYPES = YES;
				CLANG_WARN_SUSPICIOUS_MOVE = YES;
				CLANG_WARN_UNGUARDED_AVAILABILITY = YES_AGGRESSIVE;
				CLANG_WARN_UNREACHABLE_CODE = YES;
				CLANG_WARN__DUPLICATE_METHOD_MATCH = YES;
				COPY_PHASE_STRIP = NO;
				DEBUG_INFORMATION_FORMAT = "dwarf-with-dsym";
				ENABLE_NS_ASSERTIONS = NO;
				ENABLE_STRICT_OBJC_MSGSEND = YES;
				ENABLE_USER_SCRIPT_SANDBOXING = YES;
				GCC_C_LANGUAGE_STANDARD = gnu17;
				GCC_NO_COMMON_BLOCKS = YES;
				GCC_WARN_64_TO_32_BIT_CONVERSION = YES;
				GCC_WARN_ABOUT_RETURN_TYPE = YES_ERROR;
				GCC_WARN_UNDECLARED_SELECTOR = YES;
				GCC_WARN_UNINITIALIZED_AUTOS = YES_AGGRESSIVE;
				GCC_WARN_UNUSED_FUNCTION = YES;
				GCC_WARN_UNUSED_VARIABLE = YES;
				IPHONEOS_DEPLOYMENT_TARGET = 17.2;
				LOCALIZATION_PREFERS_STRING_CATALOGS = YES;
				MTL_ENABLE_DEBUG_INFO = NO;
				MTL_FAST_MATH = YES;
				SDKROOT = iphoneos;
				SWIFT_COMPILATION_MODE = wholemodule;
				VALIDATE_PRODUCT = YES;
			};
			name = Release;
		};
		E7B04FF72B5C307C002E2804 /* Debug */ = {
			isa = XCBuildConfiguration;
			buildSettings = {
				ASSETCATALOG_COMPILER_APPICON_NAME = AppIcon;
				ASSETCATALOG_COMPILER_GLOBAL_ACCENT_COLOR_NAME = AccentColor;
				CODE_SIGN_STYLE = Automatic;
				CURRENT_PROJECT_VERSION = 1;
				DEVELOPMENT_ASSET_PATHS = "\"Scrumdinger/Preview Content\"";
				DEVELOPMENT_TEAM = D385BN4J9F;
				ENABLE_PREVIEWS = YES;
				GENERATE_INFOPLIST_FILE = YES;
				INFOPLIST_KEY_UIApplicationSceneManifest_Generation = YES;
				INFOPLIST_KEY_UIApplicationSupportsIndirectInputEvents = YES;
				INFOPLIST_KEY_UILaunchScreen_Generation = YES;
				INFOPLIST_KEY_UISupportedInterfaceOrientations_iPad = "UIInterfaceOrientationPortrait UIInterfaceOrientationPortraitUpsideDown UIInterfaceOrientationLandscapeLeft UIInterfaceOrientationLandscapeRight";
				INFOPLIST_KEY_UISupportedInterfaceOrientations_iPhone = "UIInterfaceOrientationPortrait UIInterfaceOrientationLandscapeLeft UIInterfaceOrientationLandscapeRight";
				LD_RUNPATH_SEARCH_PATHS = (
					"$(inherited)",
					"@executable_path/Frameworks",
				);
				MARKETING_VERSION = 1.0;
				PRODUCT_BUNDLE_IDENTIFIER = "swift-tutorial.Scrumdinger";
				PRODUCT_NAME = "$(TARGET_NAME)";
				SWIFT_EMIT_LOC_STRINGS = YES;
				SWIFT_VERSION = 5.0;
				TARGETED_DEVICE_FAMILY = "1,2";
			};
			name = Debug;
		};
		E7B04FF82B5C307C002E2804 /* Release */ = {
			isa = XCBuildConfiguration;
			buildSettings = {
				ASSETCATALOG_COMPILER_APPICON_NAME = AppIcon;
				ASSETCATALOG_COMPILER_GLOBAL_ACCENT_COLOR_NAME = AccentColor;
				CODE_SIGN_STYLE = Automatic;
				CURRENT_PROJECT_VERSION = 1;
				DEVELOPMENT_ASSET_PATHS = "\"Scrumdinger/Preview Content\"";
				DEVELOPMENT_TEAM = D385BN4J9F;
				ENABLE_PREVIEWS = YES;
				GENERATE_INFOPLIST_FILE = YES;
				INFOPLIST_KEY_UIApplicationSceneManifest_Generation = YES;
				INFOPLIST_KEY_UIApplicationSupportsIndirectInputEvents = YES;
				INFOPLIST_KEY_UILaunchScreen_Generation = YES;
				INFOPLIST_KEY_UISupportedInterfaceOrientations_iPad = "UIInterfaceOrientationPortrait UIInterfaceOrientationPortraitUpsideDown UIInterfaceOrientationLandscapeLeft UIInterfaceOrientationLandscapeRight";
				INFOPLIST_KEY_UISupportedInterfaceOrientations_iPhone = "UIInterfaceOrientationPortrait UIInterfaceOrientationLandscapeLeft UIInterfaceOrientationLandscapeRight";
				LD_RUNPATH_SEARCH_PATHS = (
					"$(inherited)",
					"@executable_path/Frameworks",
				);
				MARKETING_VERSION = 1.0;
				PRODUCT_BUNDLE_IDENTIFIER = "swift-tutorial.Scrumdinger";
				PRODUCT_NAME = "$(TARGET_NAME)";
				SWIFT_EMIT_LOC_STRINGS = YES;
				SWIFT_VERSION = 5.0;
				TARGETED_DEVICE_FAMILY = "1,2";
			};
			name = Release;
		};
		E7B04FFA2B5C307C002E2804 /* Debug */ = {
			isa = XCBuildConfiguration;
			buildSettings = {
				ALWAYS_EMBED_SWIFT_STANDARD_LIBRARIES = YES;
				BUNDLE_LOADER = "$(TEST_HOST)";
				CODE_SIGN_STYLE = Automatic;
				CURRENT_PROJECT_VERSION = 1;
				DEVELOPMENT_TEAM = D385BN4J9F;
				GENERATE_INFOPLIST_FILE = YES;
				IPHONEOS_DEPLOYMENT_TARGET = 17.2;
				MARKETING_VERSION = 1.0;
				PRODUCT_BUNDLE_IDENTIFIER = "swift-tutorial.ScrumdingerTests";
				PRODUCT_NAME = "$(TARGET_NAME)";
				SWIFT_EMIT_LOC_STRINGS = NO;
				SWIFT_VERSION = 5.0;
				TARGETED_DEVICE_FAMILY = "1,2";
				TEST_HOST = "$(BUILT_PRODUCTS_DIR)/Scrumdinger.app/$(BUNDLE_EXECUTABLE_FOLDER_PATH)/Scrumdinger";
			};
			name = Debug;
		};
		E7B04FFB2B5C307C002E2804 /* Release */ = {
			isa = XCBuildConfiguration;
			buildSettings = {
				ALWAYS_EMBED_SWIFT_STANDARD_LIBRARIES = YES;
				BUNDLE_LOADER = "$(TEST_HOST)";
				CODE_SIGN_STYLE = Automatic;
				CURRENT_PROJECT_VERSION = 1;
				DEVELOPMENT_TEAM = D385BN4J9F;
				GENERATE_INFOPLIST_FILE = YES;
				IPHONEOS_DEPLOYMENT_TARGET = 17.2;
				MARKETING_VERSION = 1.0;
				PRODUCT_BUNDLE_IDENTIFIER = "swift-tutorial.ScrumdingerTests";
				PRODUCT_NAME = "$(TARGET_NAME)";
				SWIFT_EMIT_LOC_STRINGS = NO;
				SWIFT_VERSION = 5.0;
				TARGETED_DEVICE_FAMILY = "1,2";
				TEST_HOST = "$(BUILT_PRODUCTS_DIR)/Scrumdinger.app/$(BUNDLE_EXECUTABLE_FOLDER_PATH)/Scrumdinger";
			};
			name = Release;
		};
		E7B04FFD2B5C307C002E2804 /* Debug */ = {
			isa = XCBuildConfiguration;
			buildSettings = {
				ALWAYS_EMBED_SWIFT_STANDARD_LIBRARIES = YES;
				CODE_SIGN_STYLE = Automatic;
				CURRENT_PROJECT_VERSION = 1;
				DEVELOPMENT_TEAM = D385BN4J9F;
				GENERATE_INFOPLIST_FILE = YES;
				MARKETING_VERSION = 1.0;
				PRODUCT_BUNDLE_IDENTIFIER = "swift-tutorial.ScrumdingerUITests";
				PRODUCT_NAME = "$(TARGET_NAME)";
				SWIFT_EMIT_LOC_STRINGS = NO;
				SWIFT_VERSION = 5.0;
				TARGETED_DEVICE_FAMILY = "1,2";
				TEST_TARGET_NAME = Scrumdinger;
			};
			name = Debug;
		};
		E7B04FFE2B5C307C002E2804 /* Release */ = {
			isa = XCBuildConfiguration;
			buildSettings = {
				ALWAYS_EMBED_SWIFT_STANDARD_LIBRARIES = YES;
				CODE_SIGN_STYLE = Automatic;
				CURRENT_PROJECT_VERSION = 1;
				DEVELOPMENT_TEAM = D385BN4J9F;
				GENERATE_INFOPLIST_FILE = YES;
				MARKETING_VERSION = 1.0;
				PRODUCT_BUNDLE_IDENTIFIER = "swift-tutorial.ScrumdingerUITests";
				PRODUCT_NAME = "$(TARGET_NAME)";
				SWIFT_EMIT_LOC_STRINGS = NO;
				SWIFT_VERSION = 5.0;
				TARGETED_DEVICE_FAMILY = "1,2";
				TEST_TARGET_NAME = Scrumdinger;
			};
			name = Release;
		};
/* End XCBuildConfiguration section */

/* Begin XCConfigurationList section */
		E7B04FCD2B5C307A002E2804 /* Build configuration list for PBXProject "Scrumdinger" */ = {
			isa = XCConfigurationList;
			buildConfigurations = (
				E7B04FF42B5C307C002E2804 /* Debug */,
				E7B04FF52B5C307C002E2804 /* Release */,
			);
			defaultConfigurationIsVisible = 0;
			defaultConfigurationName = Release;
		};
		E7B04FF62B5C307C002E2804 /* Build configuration list for PBXNativeTarget "Scrumdinger" */ = {
			isa = XCConfigurationList;
			buildConfigurations = (
				E7B04FF72B5C307C002E2804 /* Debug */,
				E7B04FF82B5C307C002E2804 /* Release */,
			);
			defaultConfigurationIsVisible = 0;
			defaultConfigurationName = Release;
		};
		E7B04FF92B5C307C002E2804 /* Build configuration list for PBXNativeTarget "ScrumdingerTests" */ = {
			isa = XCConfigurationList;
			buildConfigurations = (
				E7B04FFA2B5C307C002E2804 /* Debug */,
				E7B04FFB2B5C307C002E2804 /* Release */,
			);
			defaultConfigurationIsVisible = 0;
			defaultConfigurationName = Release;
		};
		E7B04FFC2B5C307C002E2804 /* Build configuration list for PBXNativeTarget "ScrumdingerUITests" */ = {
			isa = XCConfigurationList;
			buildConfigurations = (
				E7B04FFD2B5C307C002E2804 /* Debug */,
				E7B04FFE2B5C307C002E2804 /* Release */,
			);
			defaultConfigurationIsVisible = 0;
			defaultConfigurationName = Release;
		};
/* End XCConfigurationList section */
	};
	rootObject = E7B04FCA2B5C307A002E2804 /* Project object */;
}
